// !$*UTF8*$!
{
	archiveVersion = 1;
	classes = {
	};
	objectVersion = 56;
	objects = {

/* Begin PBXBuildFile section */
		CB6602952CE66DCA004BD579 /* KiwiMaru-Light.ttf in Resources */ = {isa = PBXBuildFile; fileRef = CBECC25B2CE42A2F001F8ED0 /* KiwiMaru-Light.ttf */; };
		CB6602962CE66DCA004BD579 /* KiwiMaru-Medium.ttf in Resources */ = {isa = PBXBuildFile; fileRef = CBECC25C2CE42A30001F8ED0 /* KiwiMaru-Medium.ttf */; };
		CB6602972CE66DCA004BD579 /* KiwiMaru-Regular.ttf in Resources */ = {isa = PBXBuildFile; fileRef = CBECC25A2CE42A2E001F8ED0 /* KiwiMaru-Regular.ttf */; };
		CB6602992CE67605004BD579 /* SignupView.swift in Sources */ = {isa = PBXBuildFile; fileRef = CB6602982CE67605004BD579 /* SignupView.swift */; };
		CB66029B2CE6BF65004BD579 /* HomeView.swift in Sources */ = {isa = PBXBuildFile; fileRef = CB66029A2CE6BF65004BD579 /* HomeView.swift */; };
		CBECC22A2CE42702001F8ED0 /* QuizifyApp.swift in Sources */ = {isa = PBXBuildFile; fileRef = CBECC2292CE42702001F8ED0 /* QuizifyApp.swift */; };
		CBECC22C2CE42702001F8ED0 /* ContentView.swift in Sources */ = {isa = PBXBuildFile; fileRef = CBECC22B2CE42702001F8ED0 /* ContentView.swift */; };
		CBECC22E2CE42706001F8ED0 /* Assets.xcassets in Resources */ = {isa = PBXBuildFile; fileRef = CBECC22D2CE42706001F8ED0 /* Assets.xcassets */; };
		CBECC2312CE42706001F8ED0 /* Preview Assets.xcassets in Resources */ = {isa = PBXBuildFile; fileRef = CBECC2302CE42706001F8ED0 /* Preview Assets.xcassets */; };
		CBECC23B2CE42706001F8ED0 /* QuizifyTests.swift in Sources */ = {isa = PBXBuildFile; fileRef = CBECC23A2CE42706001F8ED0 /* QuizifyTests.swift */; };
		CBECC2452CE42707001F8ED0 /* QuizifyUITests.swift in Sources */ = {isa = PBXBuildFile; fileRef = CBECC2442CE42707001F8ED0 /* QuizifyUITests.swift */; };
		CBECC2472CE42707001F8ED0 /* QuizifyUITestsLaunchTests.swift in Sources */ = {isa = PBXBuildFile; fileRef = CBECC2462CE42707001F8ED0 /* QuizifyUITestsLaunchTests.swift */; };
		CBECC2552CE4276E001F8ED0 /* GreetingView.swift in Sources */ = {isa = PBXBuildFile; fileRef = CBECC2542CE4276E001F8ED0 /* GreetingView.swift */; };
		CBECC2572CE4277A001F8ED0 /* LoginView.swift in Sources */ = {isa = PBXBuildFile; fileRef = CBECC2562CE4277A001F8ED0 /* LoginView.swift */; };
/* End PBXBuildFile section */

/* Begin PBXContainerItemProxy section */
		CBECC2372CE42706001F8ED0 /* PBXContainerItemProxy */ = {
			isa = PBXContainerItemProxy;
			containerPortal = CBECC21E2CE42702001F8ED0 /* Project object */;
			proxyType = 1;
			remoteGlobalIDString = CBECC2252CE42702001F8ED0;
			remoteInfo = Quizify;
		};
		CBECC2412CE42707001F8ED0 /* PBXContainerItemProxy */ = {
			isa = PBXContainerItemProxy;
			containerPortal = CBECC21E2CE42702001F8ED0 /* Project object */;
			proxyType = 1;
			remoteGlobalIDString = CBECC2252CE42702001F8ED0;
			remoteInfo = Quizify;
		};
/* End PBXContainerItemProxy section */

/* Begin PBXFileReference section */
		CB6602982CE67605004BD579 /* SignupView.swift */ = {isa = PBXFileReference; lastKnownFileType = sourcecode.swift; path = SignupView.swift; sourceTree = "<group>"; };
		CB66029A2CE6BF65004BD579 /* HomeView.swift */ = {isa = PBXFileReference; lastKnownFileType = sourcecode.swift; path = HomeView.swift; sourceTree = "<group>"; };
		CBECC2262CE42702001F8ED0 /* Quizify.app */ = {isa = PBXFileReference; explicitFileType = wrapper.application; includeInIndex = 0; path = Quizify.app; sourceTree = BUILT_PRODUCTS_DIR; };
		CBECC2292CE42702001F8ED0 /* QuizifyApp.swift */ = {isa = PBXFileReference; lastKnownFileType = sourcecode.swift; path = QuizifyApp.swift; sourceTree = "<group>"; };
		CBECC22B2CE42702001F8ED0 /* ContentView.swift */ = {isa = PBXFileReference; lastKnownFileType = sourcecode.swift; path = ContentView.swift; sourceTree = "<group>"; };
		CBECC22D2CE42706001F8ED0 /* Assets.xcassets */ = {isa = PBXFileReference; lastKnownFileType = folder.assetcatalog; path = Assets.xcassets; sourceTree = "<group>"; };
		CBECC2302CE42706001F8ED0 /* Preview Assets.xcassets */ = {isa = PBXFileReference; lastKnownFileType = folder.assetcatalog; path = "Preview Assets.xcassets"; sourceTree = "<group>"; };
		CBECC2362CE42706001F8ED0 /* QuizifyTests.xctest */ = {isa = PBXFileReference; explicitFileType = wrapper.cfbundle; includeInIndex = 0; path = QuizifyTests.xctest; sourceTree = BUILT_PRODUCTS_DIR; };
		CBECC23A2CE42706001F8ED0 /* QuizifyTests.swift */ = {isa = PBXFileReference; lastKnownFileType = sourcecode.swift; path = QuizifyTests.swift; sourceTree = "<group>"; };
		CBECC2402CE42707001F8ED0 /* QuizifyUITests.xctest */ = {isa = PBXFileReference; explicitFileType = wrapper.cfbundle; includeInIndex = 0; path = QuizifyUITests.xctest; sourceTree = BUILT_PRODUCTS_DIR; };
		CBECC2442CE42707001F8ED0 /* QuizifyUITests.swift */ = {isa = PBXFileReference; lastKnownFileType = sourcecode.swift; path = QuizifyUITests.swift; sourceTree = "<group>"; };
		CBECC2462CE42707001F8ED0 /* QuizifyUITestsLaunchTests.swift */ = {isa = PBXFileReference; lastKnownFileType = sourcecode.swift; path = QuizifyUITestsLaunchTests.swift; sourceTree = "<group>"; };
		CBECC2542CE4276E001F8ED0 /* GreetingView.swift */ = {isa = PBXFileReference; lastKnownFileType = sourcecode.swift; path = GreetingView.swift; sourceTree = "<group>"; };
		CBECC2562CE4277A001F8ED0 /* LoginView.swift */ = {isa = PBXFileReference; lastKnownFileType = sourcecode.swift; path = LoginView.swift; sourceTree = "<group>"; };
		CBECC25A2CE42A2E001F8ED0 /* KiwiMaru-Regular.ttf */ = {isa = PBXFileReference; lastKnownFileType = file; path = "KiwiMaru-Regular.ttf"; sourceTree = "<group>"; };
		CBECC25B2CE42A2F001F8ED0 /* KiwiMaru-Light.ttf */ = {isa = PBXFileReference; lastKnownFileType = file; path = "KiwiMaru-Light.ttf"; sourceTree = "<group>"; };
		CBECC25C2CE42A30001F8ED0 /* KiwiMaru-Medium.ttf */ = {isa = PBXFileReference; lastKnownFileType = file; path = "KiwiMaru-Medium.ttf"; sourceTree = "<group>"; };
		CBECC25D2CE42A54001F8ED0 /* Info.plist */ = {isa = PBXFileReference; lastKnownFileType = text.plist; path = Info.plist; sourceTree = "<group>"; };
/* End PBXFileReference section */

/* Begin PBXFrameworksBuildPhase section */
		CBECC2232CE42702001F8ED0 /* Frameworks */ = {
			isa = PBXFrameworksBuildPhase;
			buildActionMask = 2147483647;
			files = (
			);
			runOnlyForDeploymentPostprocessing = 0;
		};
		CBECC2332CE42706001F8ED0 /* Frameworks */ = {
			isa = PBXFrameworksBuildPhase;
			buildActionMask = 2147483647;
			files = (
			);
			runOnlyForDeploymentPostprocessing = 0;
		};
		CBECC23D2CE42707001F8ED0 /* Frameworks */ = {
			isa = PBXFrameworksBuildPhase;
			buildActionMask = 2147483647;
			files = (
			);
			runOnlyForDeploymentPostprocessing = 0;
		};
/* End PBXFrameworksBuildPhase section */

/* Begin PBXGroup section */
		CBECC21D2CE42702001F8ED0 = {
			isa = PBXGroup;
			children = (
				CBECC2282CE42702001F8ED0 /* Quizify */,
				CBECC2392CE42706001F8ED0 /* QuizifyTests */,
				CBECC2432CE42707001F8ED0 /* QuizifyUITests */,
				CBECC2272CE42702001F8ED0 /* Products */,
			);
			sourceTree = "<group>";
		};
		CBECC2272CE42702001F8ED0 /* Products */ = {
			isa = PBXGroup;
			children = (
				CBECC2262CE42702001F8ED0 /* Quizify.app */,
				CBECC2362CE42706001F8ED0 /* QuizifyTests.xctest */,
				CBECC2402CE42707001F8ED0 /* QuizifyUITests.xctest */,
			);
			name = Products;
			sourceTree = "<group>";
		};
		CBECC2282CE42702001F8ED0 /* Quizify */ = {
			isa = PBXGroup;
			children = (
				CBECC25D2CE42A54001F8ED0 /* Info.plist */,
				CBECC25B2CE42A2F001F8ED0 /* KiwiMaru-Light.ttf */,
				CBECC25C2CE42A30001F8ED0 /* KiwiMaru-Medium.ttf */,
				CBECC25A2CE42A2E001F8ED0 /* KiwiMaru-Regular.ttf */,
				CBECC2592CE42A11001F8ED0 /* Fonts */,
				CBECC2532CE4275A001F8ED0 /* Views */,
				CBECC22B2CE42702001F8ED0 /* ContentView.swift */,
				CBECC2292CE42702001F8ED0 /* QuizifyApp.swift */,
				CBECC22D2CE42706001F8ED0 /* Assets.xcassets */,
				CBECC22F2CE42706001F8ED0 /* Preview Content */,
			);
			path = Quizify;
			sourceTree = "<group>";
		};
		CBECC22F2CE42706001F8ED0 /* Preview Content */ = {
			isa = PBXGroup;
			children = (
				CBECC2302CE42706001F8ED0 /* Preview Assets.xcassets */,
			);
			path = "Preview Content";
			sourceTree = "<group>";
		};
		CBECC2392CE42706001F8ED0 /* QuizifyTests */ = {
			isa = PBXGroup;
			children = (
				CBECC23A2CE42706001F8ED0 /* QuizifyTests.swift */,
			);
			path = QuizifyTests;
			sourceTree = "<group>";
		};
		CBECC2432CE42707001F8ED0 /* QuizifyUITests */ = {
			isa = PBXGroup;
			children = (
				CBECC2442CE42707001F8ED0 /* QuizifyUITests.swift */,
				CBECC2462CE42707001F8ED0 /* QuizifyUITestsLaunchTests.swift */,
			);
			path = QuizifyUITests;
			sourceTree = "<group>";
		};
		CBECC2532CE4275A001F8ED0 /* Views */ = {
			isa = PBXGroup;
			children = (
				CBECC2542CE4276E001F8ED0 /* GreetingView.swift */,
				CBECC2562CE4277A001F8ED0 /* LoginView.swift */,
				CB66029A2CE6BF65004BD579 /* HomeView.swift */,
				CB6602982CE67605004BD579 /* SignupView.swift */,
			);
			path = Views;
			sourceTree = "<group>";
		};
		CBECC2592CE42A11001F8ED0 /* Fonts */ = {
			isa = PBXGroup;
			children = (
			);
			path = Fonts;
			sourceTree = "<group>";
		};
/* End PBXGroup section */

/* Begin PBXNativeTarget section */
		CBECC2252CE42702001F8ED0 /* Quizify */ = {
			isa = PBXNativeTarget;
			buildConfigurationList = CBECC24A2CE42707001F8ED0 /* Build configuration list for PBXNativeTarget "Quizify" */;
			buildPhases = (
				CBECC2222CE42702001F8ED0 /* Sources */,
				CBECC2232CE42702001F8ED0 /* Frameworks */,
				CBECC2242CE42702001F8ED0 /* Resources */,
			);
			buildRules = (
			);
			dependencies = (
			);
			name = Quizify;
			productName = Quizify;
			productReference = CBECC2262CE42702001F8ED0 /* Quizify.app */;
			productType = "com.apple.product-type.application";
		};
		CBECC2352CE42706001F8ED0 /* QuizifyTests */ = {
			isa = PBXNativeTarget;
			buildConfigurationList = CBECC24D2CE42707001F8ED0 /* Build configuration list for PBXNativeTarget "QuizifyTests" */;
			buildPhases = (
				CBECC2322CE42706001F8ED0 /* Sources */,
				CBECC2332CE42706001F8ED0 /* Frameworks */,
				CBECC2342CE42706001F8ED0 /* Resources */,
			);
			buildRules = (
			);
			dependencies = (
				CBECC2382CE42706001F8ED0 /* PBXTargetDependency */,
			);
			name = QuizifyTests;
			productName = QuizifyTests;
			productReference = CBECC2362CE42706001F8ED0 /* QuizifyTests.xctest */;
			productType = "com.apple.product-type.bundle.unit-test";
		};
		CBECC23F2CE42707001F8ED0 /* QuizifyUITests */ = {
			isa = PBXNativeTarget;
			buildConfigurationList = CBECC2502CE42707001F8ED0 /* Build configuration list for PBXNativeTarget "QuizifyUITests" */;
			buildPhases = (
				CBECC23C2CE42707001F8ED0 /* Sources */,
				CBECC23D2CE42707001F8ED0 /* Frameworks */,
				CBECC23E2CE42707001F8ED0 /* Resources */,
			);
			buildRules = (
			);
			dependencies = (
				CBECC2422CE42707001F8ED0 /* PBXTargetDependency */,
			);
			name = QuizifyUITests;
			productName = QuizifyUITests;
			productReference = CBECC2402CE42707001F8ED0 /* QuizifyUITests.xctest */;
			productType = "com.apple.product-type.bundle.ui-testing";
		};
/* End PBXNativeTarget section */

/* Begin PBXProject section */
		CBECC21E2CE42702001F8ED0 /* Project object */ = {
			isa = PBXProject;
			attributes = {
				BuildIndependentTargetsInParallel = 1;
				LastSwiftUpdateCheck = 1540;
				LastUpgradeCheck = 1540;
				TargetAttributes = {
					CBECC2252CE42702001F8ED0 = {
						CreatedOnToolsVersion = 15.4;
					};
					CBECC2352CE42706001F8ED0 = {
						CreatedOnToolsVersion = 15.4;
						TestTargetID = CBECC2252CE42702001F8ED0;
					};
					CBECC23F2CE42707001F8ED0 = {
						CreatedOnToolsVersion = 15.4;
						TestTargetID = CBECC2252CE42702001F8ED0;
					};
				};
			};
			buildConfigurationList = CBECC2212CE42702001F8ED0 /* Build configuration list for PBXProject "Quizify" */;
			compatibilityVersion = "Xcode 14.0";
			developmentRegion = en;
			hasScannedForEncodings = 0;
			knownRegions = (
				en,
				Base,
			);
			mainGroup = CBECC21D2CE42702001F8ED0;
			productRefGroup = CBECC2272CE42702001F8ED0 /* Products */;
			projectDirPath = "";
			projectRoot = "";
			targets = (
				CBECC2252CE42702001F8ED0 /* Quizify */,
				CBECC2352CE42706001F8ED0 /* QuizifyTests */,
				CBECC23F2CE42707001F8ED0 /* QuizifyUITests */,
			);
		};
/* End PBXProject section */

/* Begin PBXResourcesBuildPhase section */
		CBECC2242CE42702001F8ED0 /* Resources */ = {
			isa = PBXResourcesBuildPhase;
			buildActionMask = 2147483647;
			files = (
				CB6602952CE66DCA004BD579 /* KiwiMaru-Light.ttf in Resources */,
				CB6602962CE66DCA004BD579 /* KiwiMaru-Medium.ttf in Resources */,
				CB6602972CE66DCA004BD579 /* KiwiMaru-Regular.ttf in Resources */,
				CBECC2312CE42706001F8ED0 /* Preview Assets.xcassets in Resources */,
				CBECC22E2CE42706001F8ED0 /* Assets.xcassets in Resources */,
			);
			runOnlyForDeploymentPostprocessing = 0;
		};
		CBECC2342CE42706001F8ED0 /* Resources */ = {
			isa = PBXResourcesBuildPhase;
			buildActionMask = 2147483647;
			files = (
			);
			runOnlyForDeploymentPostprocessing = 0;
		};
		CBECC23E2CE42707001F8ED0 /* Resources */ = {
			isa = PBXResourcesBuildPhase;
			buildActionMask = 2147483647;
			files = (
			);
			runOnlyForDeploymentPostprocessing = 0;
		};
/* End PBXResourcesBuildPhase section */

/* Begin PBXSourcesBuildPhase section */
		CBECC2222CE42702001F8ED0 /* Sources */ = {
			isa = PBXSourcesBuildPhase;
			buildActionMask = 2147483647;
			files = (
				CBECC22C2CE42702001F8ED0 /* ContentView.swift in Sources */,
				CBECC2552CE4276E001F8ED0 /* GreetingView.swift in Sources */,
				CBECC2572CE4277A001F8ED0 /* LoginView.swift in Sources */,
				CB66029B2CE6BF65004BD579 /* HomeView.swift in Sources */,
				CBECC22A2CE42702001F8ED0 /* QuizifyApp.swift in Sources */,
				CB6602992CE67605004BD579 /* SignupView.swift in Sources */,
			);
			runOnlyForDeploymentPostprocessing = 0;
		};
		CBECC2322CE42706001F8ED0 /* Sources */ = {
			isa = PBXSourcesBuildPhase;
			buildActionMask = 2147483647;
			files = (
				CBECC23B2CE42706001F8ED0 /* QuizifyTests.swift in Sources */,
			);
			runOnlyForDeploymentPostprocessing = 0;
		};
		CBECC23C2CE42707001F8ED0 /* Sources */ = {
			isa = PBXSourcesBuildPhase;
			buildActionMask = 2147483647;
			files = (
				CBECC2472CE42707001F8ED0 /* QuizifyUITestsLaunchTests.swift in Sources */,
				CBECC2452CE42707001F8ED0 /* QuizifyUITests.swift in Sources */,
			);
			runOnlyForDeploymentPostprocessing = 0;
		};
/* End PBXSourcesBuildPhase section */

/* Begin PBXTargetDependency section */
		CBECC2382CE42706001F8ED0 /* PBXTargetDependency */ = {
			isa = PBXTargetDependency;
			target = CBECC2252CE42702001F8ED0 /* Quizify */;
			targetProxy = CBECC2372CE42706001F8ED0 /* PBXContainerItemProxy */;
		};
		CBECC2422CE42707001F8ED0 /* PBXTargetDependency */ = {
			isa = PBXTargetDependency;
			target = CBECC2252CE42702001F8ED0 /* Quizify */;
			targetProxy = CBECC2412CE42707001F8ED0 /* PBXContainerItemProxy */;
		};
/* End PBXTargetDependency section */

/* Begin XCBuildConfiguration section */
		CBECC2482CE42707001F8ED0 /* Debug */ = {
			isa = XCBuildConfiguration;
			buildSettings = {
				ALWAYS_SEARCH_USER_PATHS = NO;
				ASSETCATALOG_COMPILER_GENERATE_SWIFT_ASSET_SYMBOL_EXTENSIONS = YES;
				CLANG_ANALYZER_NONNULL = YES;
				CLANG_ANALYZER_NUMBER_OBJECT_CONVERSION = YES_AGGRESSIVE;
				CLANG_CXX_LANGUAGE_STANDARD = "gnu++20";
				CLANG_ENABLE_MODULES = YES;
				CLANG_ENABLE_OBJC_ARC = YES;
				CLANG_ENABLE_OBJC_WEAK = YES;
				CLANG_WARN_BLOCK_CAPTURE_AUTORELEASING = YES;
				CLANG_WARN_BOOL_CONVERSION = YES;
				CLANG_WARN_COMMA = YES;
				CLANG_WARN_CONSTANT_CONVERSION = YES;
				CLANG_WARN_DEPRECATED_OBJC_IMPLEMENTATIONS = YES;
				CLANG_WARN_DIRECT_OBJC_ISA_USAGE = YES_ERROR;
				CLANG_WARN_DOCUMENTATION_COMMENTS = YES;
				CLANG_WARN_EMPTY_BODY = YES;
				CLANG_WARN_ENUM_CONVERSION = YES;
				CLANG_WARN_INFINITE_RECURSION = YES;
				CLANG_WARN_INT_CONVERSION = YES;
				CLANG_WARN_NON_LITERAL_NULL_CONVERSION = YES;
				CLANG_WARN_OBJC_IMPLICIT_RETAIN_SELF = YES;
				CLANG_WARN_OBJC_LITERAL_CONVERSION = YES;
				CLANG_WARN_OBJC_ROOT_CLASS = YES_ERROR;
				CLANG_WARN_QUOTED_INCLUDE_IN_FRAMEWORK_HEADER = YES;
				CLANG_WARN_RANGE_LOOP_ANALYSIS = YES;
				CLANG_WARN_STRICT_PROTOTYPES = YES;
				CLANG_WARN_SUSPICIOUS_MOVE = YES;
				CLANG_WARN_UNGUARDED_AVAILABILITY = YES_AGGRESSIVE;
				CLANG_WARN_UNREACHABLE_CODE = YES;
				CLANG_WARN__DUPLICATE_METHOD_MATCH = YES;
				COPY_PHASE_STRIP = NO;
				DEBUG_INFORMATION_FORMAT = dwarf;
				ENABLE_STRICT_OBJC_MSGSEND = YES;
				ENABLE_TESTABILITY = YES;
				ENABLE_USER_SCRIPT_SANDBOXING = YES;
				GCC_C_LANGUAGE_STANDARD = gnu17;
				GCC_DYNAMIC_NO_PIC = NO;
				GCC_NO_COMMON_BLOCKS = YES;
				GCC_OPTIMIZATION_LEVEL = 0;
				GCC_PREPROCESSOR_DEFINITIONS = (
					"DEBUG=1",
					"$(inherited)",
				);
				GCC_WARN_64_TO_32_BIT_CONVERSION = YES;
				GCC_WARN_ABOUT_RETURN_TYPE = YES_ERROR;
				GCC_WARN_UNDECLARED_SELECTOR = YES;
				GCC_WARN_UNINITIALIZED_AUTOS = YES_AGGRESSIVE;
				GCC_WARN_UNUSED_FUNCTION = YES;
				GCC_WARN_UNUSED_VARIABLE = YES;
				IPHONEOS_DEPLOYMENT_TARGET = 17.5;
				LOCALIZATION_PREFERS_STRING_CATALOGS = YES;
				MTL_ENABLE_DEBUG_INFO = INCLUDE_SOURCE;
				MTL_FAST_MATH = YES;
				ONLY_ACTIVE_ARCH = YES;
				SDKROOT = iphoneos;
				SWIFT_ACTIVE_COMPILATION_CONDITIONS = "DEBUG $(inherited)";
				SWIFT_OPTIMIZATION_LEVEL = "-Onone";
			};
			name = Debug;
		};
		CBECC2492CE42707001F8ED0 /* Release */ = {
			isa = XCBuildConfiguration;
			buildSettings = {
				ALWAYS_SEARCH_USER_PATHS = NO;
				ASSETCATALOG_COMPILER_GENERATE_SWIFT_ASSET_SYMBOL_EXTENSIONS = YES;
				CLANG_ANALYZER_NONNULL = YES;
				CLANG_ANALYZER_NUMBER_OBJECT_CONVERSION = YES_AGGRESSIVE;
				CLANG_CXX_LANGUAGE_STANDARD = "gnu++20";
				CLANG_ENABLE_MODULES = YES;
				CLANG_ENABLE_OBJC_ARC = YES;
				CLANG_ENABLE_OBJC_WEAK = YES;
				CLANG_WARN_BLOCK_CAPTURE_AUTORELEASING = YES;
				CLANG_WARN_BOOL_CONVERSION = YES;
				CLANG_WARN_COMMA = YES;
				CLANG_WARN_CONSTANT_CONVERSION = YES;
				CLANG_WARN_DEPRECATED_OBJC_IMPLEMENTATIONS = YES;
				CLANG_WARN_DIRECT_OBJC_ISA_USAGE = YES_ERROR;
				CLANG_WARN_DOCUMENTATION_COMMENTS = YES;
				CLANG_WARN_EMPTY_BODY = YES;
				CLANG_WARN_ENUM_CONVERSION = YES;
				CLANG_WARN_INFINITE_RECURSION = YES;
				CLANG_WARN_INT_CONVERSION = YES;
				CLANG_WARN_NON_LITERAL_NULL_CONVERSION = YES;
				CLANG_WARN_OBJC_IMPLICIT_RETAIN_SELF = YES;
				CLANG_WARN_OBJC_LITERAL_CONVERSION = YES;
				CLANG_WARN_OBJC_ROOT_CLASS = YES_ERROR;
				CLANG_WARN_QUOTED_INCLUDE_IN_FRAMEWORK_HEADER = YES;
				CLANG_WARN_RANGE_LOOP_ANALYSIS = YES;
				CLANG_WARN_STRICT_PROTOTYPES = YES;
				CLANG_WARN_SUSPICIOUS_MOVE = YES;
				CLANG_WARN_UNGUARDED_AVAILABILITY = YES_AGGRESSIVE;
				CLANG_WARN_UNREACHABLE_CODE = YES;
				CLANG_WARN__DUPLICATE_METHOD_MATCH = YES;
				COPY_PHASE_STRIP = NO;
				DEBUG_INFORMATION_FORMAT = "dwarf-with-dsym";
				ENABLE_NS_ASSERTIONS = NO;
				ENABLE_STRICT_OBJC_MSGSEND = YES;
				ENABLE_USER_SCRIPT_SANDBOXING = YES;
				GCC_C_LANGUAGE_STANDARD = gnu17;
				GCC_NO_COMMON_BLOCKS = YES;
				GCC_WARN_64_TO_32_BIT_CONVERSION = YES;
				GCC_WARN_ABOUT_RETURN_TYPE = YES_ERROR;
				GCC_WARN_UNDECLARED_SELECTOR = YES;
				GCC_WARN_UNINITIALIZED_AUTOS = YES_AGGRESSIVE;
				GCC_WARN_UNUSED_FUNCTION = YES;
				GCC_WARN_UNUSED_VARIABLE = YES;
				IPHONEOS_DEPLOYMENT_TARGET = 17.5;
				LOCALIZATION_PREFERS_STRING_CATALOGS = YES;
				MTL_ENABLE_DEBUG_INFO = NO;
				MTL_FAST_MATH = YES;
				SDKROOT = iphoneos;
				SWIFT_COMPILATION_MODE = wholemodule;
				VALIDATE_PRODUCT = YES;
			};
			name = Release;
		};
		CBECC24B2CE42707001F8ED0 /* Debug */ = {
			isa = XCBuildConfiguration;
			buildSettings = {
				ASSETCATALOG_COMPILER_APPICON_NAME = AppIcon;
				ASSETCATALOG_COMPILER_GLOBAL_ACCENT_COLOR_NAME = AccentColor;
				CODE_SIGN_STYLE = Automatic;
				CURRENT_PROJECT_VERSION = 1;
				DEVELOPMENT_ASSET_PATHS = "\"Quizify/Preview Content\"";
				DEVELOPMENT_TEAM = W9G24PQCPH;
				ENABLE_PREVIEWS = YES;
				GENERATE_INFOPLIST_FILE = YES;
				INFOPLIST_FILE = Quizify/Info.plist;
				INFOPLIST_KEY_UIApplicationSceneManifest_Generation = YES;
				INFOPLIST_KEY_UIApplicationSupportsIndirectInputEvents = YES;
				INFOPLIST_KEY_UILaunchScreen_Generation = YES;
				INFOPLIST_KEY_UISupportedInterfaceOrientations_iPad = "UIInterfaceOrientationPortrait UIInterfaceOrientationPortraitUpsideDown UIInterfaceOrientationLandscapeLeft UIInterfaceOrientationLandscapeRight";
				INFOPLIST_KEY_UISupportedInterfaceOrientations_iPhone = "UIInterfaceOrientationPortrait UIInterfaceOrientationLandscapeLeft UIInterfaceOrientationLandscapeRight";
				LD_RUNPATH_SEARCH_PATHS = (
					"$(inherited)",
					"@executable_path/Frameworks",
				);
				MARKETING_VERSION = 1.0;
				PRODUCT_BUNDLE_IDENTIFIER = FBLA.Quizify;
				PRODUCT_NAME = "$(TARGET_NAME)";
				SWIFT_EMIT_LOC_STRINGS = YES;
				SWIFT_VERSION = 5.0;
				TARGETED_DEVICE_FAMILY = "1,2";
			};
			name = Debug;
		};
		CBECC24C2CE42707001F8ED0 /* Release */ = {
			isa = XCBuildConfiguration;
			buildSettings = {
				ASSETCATALOG_COMPILER_APPICON_NAME = AppIcon;
				ASSETCATALOG_COMPILER_GLOBAL_ACCENT_COLOR_NAME = AccentColor;
				CODE_SIGN_STYLE = Automatic;
				CURRENT_PROJECT_VERSION = 1;
				DEVELOPMENT_ASSET_PATHS = "\"Quizify/Preview Content\"";
				DEVELOPMENT_TEAM = W9G24PQCPH;
				ENABLE_PREVIEWS = YES;
				GENERATE_INFOPLIST_FILE = YES;
				INFOPLIST_FILE = Quizify/Info.plist;
				INFOPLIST_KEY_UIApplicationSceneManifest_Generation = YES;
				INFOPLIST_KEY_UIApplicationSupportsIndirectInputEvents = YES;
				INFOPLIST_KEY_UILaunchScreen_Generation = YES;
				INFOPLIST_KEY_UISupportedInterfaceOrientations_iPad = "UIInterfaceOrientationPortrait UIInterfaceOrientationPortraitUpsideDown UIInterfaceOrientationLandscapeLeft UIInterfaceOrientationLandscapeRight";
				INFOPLIST_KEY_UISupportedInterfaceOrientations_iPhone = "UIInterfaceOrientationPortrait UIInterfaceOrientationLandscapeLeft UIInterfaceOrientationLandscapeRight";
				LD_RUNPATH_SEARCH_PATHS = (
					"$(inherited)",
					"@executable_path/Frameworks",
				);
				MARKETING_VERSION = 1.0;
				PRODUCT_BUNDLE_IDENTIFIER = FBLA.Quizify;
				PRODUCT_NAME = "$(TARGET_NAME)";
				SWIFT_EMIT_LOC_STRINGS = YES;
				SWIFT_VERSION = 5.0;
				TARGETED_DEVICE_FAMILY = "1,2";
			};
			name = Release;
		};
		CBECC24E2CE42707001F8ED0 /* Debug */ = {
			isa = XCBuildConfiguration;
			buildSettings = {
				ALWAYS_EMBED_SWIFT_STANDARD_LIBRARIES = YES;
				BUNDLE_LOADER = "$(TEST_HOST)";
				CODE_SIGN_STYLE = Automatic;
				CURRENT_PROJECT_VERSION = 1;
				DEVELOPMENT_TEAM = W9G24PQCPH;
				GENERATE_INFOPLIST_FILE = YES;
				IPHONEOS_DEPLOYMENT_TARGET = 17.5;
				MARKETING_VERSION = 1.0;
				PRODUCT_BUNDLE_IDENTIFIER = FBLA.QuizifyTests;
				PRODUCT_NAME = "$(TARGET_NAME)";
				SWIFT_EMIT_LOC_STRINGS = NO;
				SWIFT_VERSION = 5.0;
				TARGETED_DEVICE_FAMILY = "1,2";
				TEST_HOST = "$(BUILT_PRODUCTS_DIR)/Quizify.app/$(BUNDLE_EXECUTABLE_FOLDER_PATH)/Quizify";
			};
			name = Debug;
		};
		CBECC24F2CE42707001F8ED0 /* Release */ = {
			isa = XCBuildConfiguration;
			buildSettings = {
				ALWAYS_EMBED_SWIFT_STANDARD_LIBRARIES = YES;
				BUNDLE_LOADER = "$(TEST_HOST)";
				CODE_SIGN_STYLE = Automatic;
				CURRENT_PROJECT_VERSION = 1;
				DEVELOPMENT_TEAM = W9G24PQCPH;
				GENERATE_INFOPLIST_FILE = YES;
				IPHONEOS_DEPLOYMENT_TARGET = 17.5;
				MARKETING_VERSION = 1.0;
				PRODUCT_BUNDLE_IDENTIFIER = FBLA.QuizifyTests;
				PRODUCT_NAME = "$(TARGET_NAME)";
				SWIFT_EMIT_LOC_STRINGS = NO;
				SWIFT_VERSION = 5.0;
				TARGETED_DEVICE_FAMILY = "1,2";
				TEST_HOST = "$(BUILT_PRODUCTS_DIR)/Quizify.app/$(BUNDLE_EXECUTABLE_FOLDER_PATH)/Quizify";
			};
			name = Release;
		};
		CBECC2512CE42707001F8ED0 /* Debug */ = {
			isa = XCBuildConfiguration;
			buildSettings = {
				ALWAYS_EMBED_SWIFT_STANDARD_LIBRARIES = YES;
				CODE_SIGN_STYLE = Automatic;
				CURRENT_PROJECT_VERSION = 1;
				DEVELOPMENT_TEAM = W9G24PQCPH;
				GENERATE_INFOPLIST_FILE = YES;
				MARKETING_VERSION = 1.0;
				PRODUCT_BUNDLE_IDENTIFIER = FBLA.QuizifyUITests;
				PRODUCT_NAME = "$(TARGET_NAME)";
				SWIFT_EMIT_LOC_STRINGS = NO;
				SWIFT_VERSION = 5.0;
				TARGETED_DEVICE_FAMILY = "1,2";
				TEST_TARGET_NAME = Quizify;
			};
			name = Debug;
		};
		CBECC2522CE42707001F8ED0 /* Release */ = {
			isa = XCBuildConfiguration;
			buildSettings = {
				ALWAYS_EMBED_SWIFT_STANDARD_LIBRARIES = YES;
				CODE_SIGN_STYLE = Automatic;
				CURRENT_PROJECT_VERSION = 1;
				DEVELOPMENT_TEAM = W9G24PQCPH;
				GENERATE_INFOPLIST_FILE = YES;
				MARKETING_VERSION = 1.0;
				PRODUCT_BUNDLE_IDENTIFIER = FBLA.QuizifyUITests;
				PRODUCT_NAME = "$(TARGET_NAME)";
				SWIFT_EMIT_LOC_STRINGS = NO;
				SWIFT_VERSION = 5.0;
				TARGETED_DEVICE_FAMILY = "1,2";
				TEST_TARGET_NAME = Quizify;
			};
			name = Release;
		};
/* End XCBuildConfiguration section */

/* Begin XCConfigurationList section */
		CBECC2212CE42702001F8ED0 /* Build configuration list for PBXProject "Quizify" */ = {
			isa = XCConfigurationList;
			buildConfigurations = (
				CBECC2482CE42707001F8ED0 /* Debug */,
				CBECC2492CE42707001F8ED0 /* Release */,
			);
			defaultConfigurationIsVisible = 0;
			defaultConfigurationName = Release;
		};
		CBECC24A2CE42707001F8ED0 /* Build configuration list for PBXNativeTarget "Quizify" */ = {
			isa = XCConfigurationList;
			buildConfigurations = (
				CBECC24B2CE42707001F8ED0 /* Debug */,
				CBECC24C2CE42707001F8ED0 /* Release */,
			);
			defaultConfigurationIsVisible = 0;
			defaultConfigurationName = Release;
		};
		CBECC24D2CE42707001F8ED0 /* Build configuration list for PBXNativeTarget "QuizifyTests" */ = {
			isa = XCConfigurationList;
			buildConfigurations = (
				CBECC24E2CE42707001F8ED0 /* Debug */,
				CBECC24F2CE42707001F8ED0 /* Release */,
			);
			defaultConfigurationIsVisible = 0;
			defaultConfigurationName = Release;
		};
		CBECC2502CE42707001F8ED0 /* Build configuration list for PBXNativeTarget "QuizifyUITests" */ = {
			isa = XCConfigurationList;
			buildConfigurations = (
				CBECC2512CE42707001F8ED0 /* Debug */,
				CBECC2522CE42707001F8ED0 /* Release */,
			);
			defaultConfigurationIsVisible = 0;
			defaultConfigurationName = Release;
		};
/* End XCConfigurationList section */
	};
	rootObject = CBECC21E2CE42702001F8ED0 /* Project object */;
}
